// !$*UTF8*$!
{
	archiveVersion = 1;
	classes = {
	};
	objectVersion = 50;
	objects = {

/* Begin PBXBuildFile section */
		41451EFD1D4FE1F1DBCB9EEA /* Pods_IosLibDemo.framework in Frameworks */ = {isa = PBXBuildFile; fileRef = 64509FAB1C38DDA55B5A65E6 /* Pods_IosLibDemo.framework */; };
		CFD70881253BE09200B9EB13 /* AppDelegate.m in Sources */ = {isa = PBXBuildFile; fileRef = CFD70880253BE09200B9EB13 /* AppDelegate.m */; };
		CFD70884253BE09200B9EB13 /* SceneDelegate.m in Sources */ = {isa = PBXBuildFile; fileRef = CFD70883253BE09200B9EB13 /* SceneDelegate.m */; };
		CFD70887253BE09200B9EB13 /* ViewController.m in Sources */ = {isa = PBXBuildFile; fileRef = CFD70886253BE09200B9EB13 /* ViewController.m */; };
		CFD7088A253BE09200B9EB13 /* Main.storyboard in Resources */ = {isa = PBXBuildFile; fileRef = CFD70888253BE09200B9EB13 /* Main.storyboard */; };
		CFD7088C253BE09500B9EB13 /* Assets.xcassets in Resources */ = {isa = PBXBuildFile; fileRef = CFD7088B253BE09500B9EB13 /* Assets.xcassets */; };
		CFD7088F253BE09500B9EB13 /* LaunchScreen.storyboard in Resources */ = {isa = PBXBuildFile; fileRef = CFD7088D253BE09500B9EB13 /* LaunchScreen.storyboard */; };
		CFD70892253BE09500B9EB13 /* main.m in Sources */ = {isa = PBXBuildFile; fileRef = CFD70891253BE09500B9EB13 /* main.m */; };
/* End PBXBuildFile section */

/* Begin PBXFileReference section */
		64509FAB1C38DDA55B5A65E6 /* Pods_IosLibDemo.framework */ = {isa = PBXFileReference; explicitFileType = wrapper.framework; includeInIndex = 0; path = Pods_IosLibDemo.framework; sourceTree = BUILT_PRODUCTS_DIR; };
		BE6A7A3E6EC28A9FF72D5E84 /* Pods-IosLibDemo.release.xcconfig */ = {isa = PBXFileReference; includeInIndex = 1; lastKnownFileType = text.xcconfig; name = "Pods-IosLibDemo.release.xcconfig"; path = "Target Support Files/Pods-IosLibDemo/Pods-IosLibDemo.release.xcconfig"; sourceTree = "<group>"; };
		C884F2AE061B273C32CD0D1E /* Pods-IosLibDemo.debug.xcconfig */ = {isa = PBXFileReference; includeInIndex = 1; lastKnownFileType = text.xcconfig; name = "Pods-IosLibDemo.debug.xcconfig"; path = "Target Support Files/Pods-IosLibDemo/Pods-IosLibDemo.debug.xcconfig"; sourceTree = "<group>"; };
		CFD7087C253BE09200B9EB13 /* IosLibDemo.app */ = {isa = PBXFileReference; explicitFileType = wrapper.application; includeInIndex = 0; path = IosLibDemo.app; sourceTree = BUILT_PRODUCTS_DIR; };
		CFD7087F253BE09200B9EB13 /* AppDelegate.h */ = {isa = PBXFileReference; lastKnownFileType = sourcecode.c.h; path = AppDelegate.h; sourceTree = "<group>"; };
		CFD70880253BE09200B9EB13 /* AppDelegate.m */ = {isa = PBXFileReference; lastKnownFileType = sourcecode.c.objc; path = AppDelegate.m; sourceTree = "<group>"; };
		CFD70882253BE09200B9EB13 /* SceneDelegate.h */ = {isa = PBXFileReference; lastKnownFileType = sourcecode.c.h; path = SceneDelegate.h; sourceTree = "<group>"; };
		CFD70883253BE09200B9EB13 /* SceneDelegate.m */ = {isa = PBXFileReference; lastKnownFileType = sourcecode.c.objc; path = SceneDelegate.m; sourceTree = "<group>"; };
		CFD70885253BE09200B9EB13 /* ViewController.h */ = {isa = PBXFileReference; lastKnownFileType = sourcecode.c.h; path = ViewController.h; sourceTree = "<group>"; };
		CFD70886253BE09200B9EB13 /* ViewController.m */ = {isa = PBXFileReference; lastKnownFileType = sourcecode.c.objc; path = ViewController.m; sourceTree = "<group>"; };
		CFD70889253BE09200B9EB13 /* Base */ = {isa = PBXFileReference; lastKnownFileType = file.storyboard; name = Base; path = Base.lproj/Main.storyboard; sourceTree = "<group>"; };
		CFD7088B253BE09500B9EB13 /* Assets.xcassets */ = {isa = PBXFileReference; lastKnownFileType = folder.assetcatalog; path = Assets.xcassets; sourceTree = "<group>"; };
		CFD7088E253BE09500B9EB13 /* Base */ = {isa = PBXFileReference; lastKnownFileType = file.storyboard; name = Base; path = Base.lproj/LaunchScreen.storyboard; sourceTree = "<group>"; };
		CFD70890253BE09500B9EB13 /* Info.plist */ = {isa = PBXFileReference; lastKnownFileType = text.plist.xml; path = Info.plist; sourceTree = "<group>"; };
		CFD70891253BE09500B9EB13 /* main.m */ = {isa = PBXFileReference; lastKnownFileType = sourcecode.c.objc; path = main.m; sourceTree = "<group>"; };
/* End PBXFileReference section */

/* Begin PBXFrameworksBuildPhase section */
		CFD70879253BE09200B9EB13 /* Frameworks */ = {
			isa = PBXFrameworksBuildPhase;
			buildActionMask = 2147483647;
			files = (
				41451EFD1D4FE1F1DBCB9EEA /* Pods_IosLibDemo.framework in Frameworks */,
			);
			runOnlyForDeploymentPostprocessing = 0;
		};
/* End PBXFrameworksBuildPhase section */

/* Begin PBXGroup section */
		0A8267EE03A15EDF8A3E8B21 /* Frameworks */ = {
			isa = PBXGroup;
			children = (
				64509FAB1C38DDA55B5A65E6 /* Pods_IosLibDemo.framework */,
			);
			name = Frameworks;
			sourceTree = "<group>";
		};
		3F71237598D0C5EB0E9D2542 /* Pods */ = {
			isa = PBXGroup;
			children = (
				C884F2AE061B273C32CD0D1E /* Pods-IosLibDemo.debug.xcconfig */,
				BE6A7A3E6EC28A9FF72D5E84 /* Pods-IosLibDemo.release.xcconfig */,
			);
			name = Pods;
			path = Pods;
			sourceTree = "<group>";
		};
		CFD70873253BE09200B9EB13 = {
			isa = PBXGroup;
			children = (
				CFD7087E253BE09200B9EB13 /* IosLibDemo */,
				CFD7087D253BE09200B9EB13 /* Products */,
				3F71237598D0C5EB0E9D2542 /* Pods */,
				0A8267EE03A15EDF8A3E8B21 /* Frameworks */,
			);
			sourceTree = "<group>";
		};
		CFD7087D253BE09200B9EB13 /* Products */ = {
			isa = PBXGroup;
			children = (
				CFD7087C253BE09200B9EB13 /* IosLibDemo.app */,
			);
			name = Products;
			sourceTree = "<group>";
		};
		CFD7087E253BE09200B9EB13 /* IosLibDemo */ = {
			isa = PBXGroup;
			children = (
				CFD7087F253BE09200B9EB13 /* AppDelegate.h */,
				CFD70880253BE09200B9EB13 /* AppDelegate.m */,
				CFD70882253BE09200B9EB13 /* SceneDelegate.h */,
				CFD70883253BE09200B9EB13 /* SceneDelegate.m */,
				CFD70885253BE09200B9EB13 /* ViewController.h */,
				CFD70886253BE09200B9EB13 /* ViewController.m */,
				CFD70888253BE09200B9EB13 /* Main.storyboard */,
				CFD7088B253BE09500B9EB13 /* Assets.xcassets */,
				CFD7088D253BE09500B9EB13 /* LaunchScreen.storyboard */,
				CFD70890253BE09500B9EB13 /* Info.plist */,
				CFD70891253BE09500B9EB13 /* main.m */,
			);
			path = IosLibDemo;
			sourceTree = "<group>";
		};
/* End PBXGroup section */

/* Begin PBXNativeTarget section */
		CFD7087B253BE09200B9EB13 /* IosLibDemo */ = {
			isa = PBXNativeTarget;
			buildConfigurationList = CFD70895253BE09500B9EB13 /* Build configuration list for PBXNativeTarget "IosLibDemo" */;
			buildPhases = (
				915F42C47339355F2CC42D06 /* [CP] Check Pods Manifest.lock */,
				CFD70878253BE09200B9EB13 /* Sources */,
				CFD70879253BE09200B9EB13 /* Frameworks */,
				CFD7087A253BE09200B9EB13 /* Resources */,
				AEED5B9450AFACDE9D080D6E /* [CP] Embed Pods Frameworks */,
			);
			buildRules = (
			);
			dependencies = (
			);
			name = IosLibDemo;
			productName = IosLibDemo;
			productReference = CFD7087C253BE09200B9EB13 /* IosLibDemo.app */;
			productType = "com.apple.product-type.application";
		};
/* End PBXNativeTarget section */

/* Begin PBXProject section */
		CFD70874253BE09200B9EB13 /* Project object */ = {
			isa = PBXProject;
			attributes = {
				LastUpgradeCheck = 1130;
				ORGANIZATIONNAME = "Ashwin Dinesh";
				TargetAttributes = {
					CFD7087B253BE09200B9EB13 = {
						CreatedOnToolsVersion = 11.3.1;
					};
				};
			};
			buildConfigurationList = CFD70877253BE09200B9EB13 /* Build configuration list for PBXProject "IosLibDemo" */;
			compatibilityVersion = "Xcode 9.3";
			developmentRegion = en;
			hasScannedForEncodings = 0;
			knownRegions = (
				en,
				Base,
			);
			mainGroup = CFD70873253BE09200B9EB13;
			productRefGroup = CFD7087D253BE09200B9EB13 /* Products */;
			projectDirPath = "";
			projectRoot = "";
			targets = (
				CFD7087B253BE09200B9EB13 /* IosLibDemo */,
			);
		};
/* End PBXProject section */

/* Begin PBXResourcesBuildPhase section */
		CFD7087A253BE09200B9EB13 /* Resources */ = {
			isa = PBXResourcesBuildPhase;
			buildActionMask = 2147483647;
			files = (
				CFD7088F253BE09500B9EB13 /* LaunchScreen.storyboard in Resources */,
				CFD7088C253BE09500B9EB13 /* Assets.xcassets in Resources */,
				CFD7088A253BE09200B9EB13 /* Main.storyboard in Resources */,
			);
			runOnlyForDeploymentPostprocessing = 0;
		};
/* End PBXResourcesBuildPhase section */

/* Begin PBXShellScriptBuildPhase section */
		915F42C47339355F2CC42D06 /* [CP] Check Pods Manifest.lock */ = {
			isa = PBXShellScriptBuildPhase;
			buildActionMask = 2147483647;
			files = (
			);
			inputFileListPaths = (
			);
			inputPaths = (
				"${PODS_PODFILE_DIR_PATH}/Podfile.lock",
				"${PODS_ROOT}/Manifest.lock",
			);
			name = "[CP] Check Pods Manifest.lock";
			outputFileListPaths = (
			);
			outputPaths = (
				"$(DERIVED_FILE_DIR)/Pods-IosLibDemo-checkManifestLockResult.txt",
			);
			runOnlyForDeploymentPostprocessing = 0;
			shellPath = /bin/sh;
			shellScript = "diff \"${PODS_PODFILE_DIR_PATH}/Podfile.lock\" \"${PODS_ROOT}/Manifest.lock\" > /dev/null\nif [ $? != 0 ] ; then\n    # print error to STDERR\n    echo \"error: The sandbox is not in sync with the Podfile.lock. Run 'pod install' or update your CocoaPods installation.\" >&2\n    exit 1\nfi\n# This output is used by Xcode 'outputs' to avoid re-running this script phase.\necho \"SUCCESS\" > \"${SCRIPT_OUTPUT_FILE_0}\"\n";
			showEnvVarsInLog = 0;
		};
		AEED5B9450AFACDE9D080D6E /* [CP] Embed Pods Frameworks */ = {
			isa = PBXShellScriptBuildPhase;
			buildActionMask = 2147483647;
			files = (
			);
			inputFileListPaths = (
				"${PODS_ROOT}/Target Support Files/Pods-IosLibDemo/Pods-IosLibDemo-frameworks-${CONFIGURATION}-input-files.xcfilelist",
			);
			name = "[CP] Embed Pods Frameworks";
			outputFileListPaths = (
				"${PODS_ROOT}/Target Support Files/Pods-IosLibDemo/Pods-IosLibDemo-frameworks-${CONFIGURATION}-output-files.xcfilelist",
			);
			runOnlyForDeploymentPostprocessing = 0;
			shellPath = /bin/sh;
			shellScript = "\"${PODS_ROOT}/Target Support Files/Pods-IosLibDemo/Pods-IosLibDemo-frameworks.sh\"\n";
			showEnvVarsInLog = 0;
		};
/* End PBXShellScriptBuildPhase section */

/* Begin PBXSourcesBuildPhase section */
		CFD70878253BE09200B9EB13 /* Sources */ = {
			isa = PBXSourcesBuildPhase;
			buildActionMask = 2147483647;
			files = (
				CFD70887253BE09200B9EB13 /* ViewController.m in Sources */,
				CFD70881253BE09200B9EB13 /* AppDelegate.m in Sources */,
				CFD70892253BE09500B9EB13 /* main.m in Sources */,
				CFD70884253BE09200B9EB13 /* SceneDelegate.m in Sources */,
			);
			runOnlyForDeploymentPostprocessing = 0;
		};
/* End PBXSourcesBuildPhase section */

/* Begin PBXVariantGroup section */
		CFD70888253BE09200B9EB13 /* Main.storyboard */ = {
			isa = PBXVariantGroup;
			children = (
				CFD70889253BE09200B9EB13 /* Base */,
			);
			name = Main.storyboard;
			sourceTree = "<group>";
		};
		CFD7088D253BE09500B9EB13 /* LaunchScreen.storyboard */ = {
			isa = PBXVariantGroup;
			children = (
				CFD7088E253BE09500B9EB13 /* Base */,
			);
			name = LaunchScreen.storyboard;
			sourceTree = "<group>";
		};
/* End PBXVariantGroup section */

/* Begin XCBuildConfiguration section */
		CFD70893253BE09500B9EB13 /* Debug */ = {
			isa = XCBuildConfiguration;
			buildSettings = {
				ALWAYS_SEARCH_USER_PATHS = NO;
				CLANG_ANALYZER_NONNULL = YES;
				CLANG_ANALYZER_NUMBER_OBJECT_CONVERSION = YES_AGGRESSIVE;
				CLANG_CXX_LANGUAGE_STANDARD = "gnu++14";
				CLANG_CXX_LIBRARY = "libc++";
				CLANG_ENABLE_MODULES = YES;
				CLANG_ENABLE_OBJC_ARC = YES;
				CLANG_ENABLE_OBJC_WEAK = YES;
				CLANG_WARN_BLOCK_CAPTURE_AUTORELEASING = YES;
				CLANG_WARN_BOOL_CONVERSION = YES;
				CLANG_WARN_COMMA = YES;
				CLANG_WARN_CONSTANT_CONVERSION = YES;
				CLANG_WARN_DEPRECATED_OBJC_IMPLEMENTATIONS = YES;
				CLANG_WARN_DIRECT_OBJC_ISA_USAGE = YES_ERROR;
				CLANG_WARN_DOCUMENTATION_COMMENTS = YES;
				CLANG_WARN_EMPTY_BODY = YES;
				CLANG_WARN_ENUM_CONVERSION = YES;
				CLANG_WARN_INFINITE_RECURSION = YES;
				CLANG_WARN_INT_CONVERSION = YES;
				CLANG_WARN_NON_LITERAL_NULL_CONVERSION = YES;
				CLANG_WARN_OBJC_IMPLICIT_RETAIN_SELF = YES;
				CLANG_WARN_OBJC_LITERAL_CONVERSION = YES;
				CLANG_WARN_OBJC_ROOT_CLASS = YES_ERROR;
				CLANG_WARN_RANGE_LOOP_ANALYSIS = YES;
				CLANG_WARN_STRICT_PROTOTYPES = YES;
				CLANG_WARN_SUSPICIOUS_MOVE = YES;
				CLANG_WARN_UNGUARDED_AVAILABILITY = YES_AGGRESSIVE;
				CLANG_WARN_UNREACHABLE_CODE = YES;
				CLANG_WARN__DUPLICATE_METHOD_MATCH = YES;
				COPY_PHASE_STRIP = NO;
				DEBUG_INFORMATION_FORMAT = dwarf;
				ENABLE_STRICT_OBJC_MSGSEND = YES;
				ENABLE_TESTABILITY = YES;
				GCC_C_LANGUAGE_STANDARD = gnu11;
				GCC_DYNAMIC_NO_PIC = NO;
				GCC_NO_COMMON_BLOCKS = YES;
				GCC_OPTIMIZATION_LEVEL = 0;
				GCC_PREPROCESSOR_DEFINITIONS = (
					"DEBUG=1",
					"$(inherited)",
				);
				GCC_WARN_64_TO_32_BIT_CONVERSION = YES;
				GCC_WARN_ABOUT_RETURN_TYPE = YES_ERROR;
				GCC_WARN_UNDECLARED_SELECTOR = YES;
				GCC_WARN_UNINITIALIZED_AUTOS = YES_AGGRESSIVE;
				GCC_WARN_UNUSED_FUNCTION = YES;
				GCC_WARN_UNUSED_VARIABLE = YES;
				IPHONEOS_DEPLOYMENT_TARGET = 13.2;
				MTL_ENABLE_DEBUG_INFO = INCLUDE_SOURCE;
				MTL_FAST_MATH = YES;
				ONLY_ACTIVE_ARCH = YES;
				SDKROOT = iphoneos;
			};
			name = Debug;
		};
		CFD70894253BE09500B9EB13 /* Release */ = {
			isa = XCBuildConfiguration;
			buildSettings = {
				ALWAYS_SEARCH_USER_PATHS = NO;
				CLANG_ANALYZER_NONNULL = YES;
				CLANG_ANALYZER_NUMBER_OBJECT_CONVERSION = YES_AGGRESSIVE;
				CLANG_CXX_LANGUAGE_STANDARD = "gnu++14";
				CLANG_CXX_LIBRARY = "libc++";
				CLANG_ENABLE_MODULES = YES;
				CLANG_ENABLE_OBJC_ARC = YES;
				CLANG_ENABLE_OBJC_WEAK = YES;
				CLANG_WARN_BLOCK_CAPTURE_AUTORELEASING = YES;
				CLANG_WARN_BOOL_CONVERSION = YES;
				CLANG_WARN_COMMA = YES;
				CLANG_WARN_CONSTANT_CONVERSION = YES;
				CLANG_WARN_DEPRECATED_OBJC_IMPLEMENTATIONS = YES;
				CLANG_WARN_DIRECT_OBJC_ISA_USAGE = YES_ERROR;
				CLANG_WARN_DOCUMENTATION_COMMENTS = YES;
				CLANG_WARN_EMPTY_BODY = YES;
				CLANG_WARN_ENUM_CONVERSION = YES;
				CLANG_WARN_INFINITE_RECURSION = YES;
				CLANG_WARN_INT_CONVERSION = YES;
				CLANG_WARN_NON_LITERAL_NULL_CONVERSION = YES;
				CLANG_WARN_OBJC_IMPLICIT_RETAIN_SELF = YES;
				CLANG_WARN_OBJC_LITERAL_CONVERSION = YES;
				CLANG_WARN_OBJC_ROOT_CLASS = YES_ERROR;
				CLANG_WARN_RANGE_LOOP_ANALYSIS = YES;
				CLANG_WARN_STRICT_PROTOTYPES = YES;
				CLANG_WARN_SUSPICIOUS_MOVE = YES;
				CLANG_WARN_UNGUARDED_AVAILABILITY = YES_AGGRESSIVE;
				CLANG_WARN_UNREACHABLE_CODE = YES;
				CLANG_WARN__DUPLICATE_METHOD_MATCH = YES;
				COPY_PHASE_STRIP = NO;
				DEBUG_INFORMATION_FORMAT = "dwarf-with-dsym";
				ENABLE_NS_ASSERTIONS = NO;
				ENABLE_STRICT_OBJC_MSGSEND = YES;
				GCC_C_LANGUAGE_STANDARD = gnu11;
				GCC_NO_COMMON_BLOCKS = YES;
				GCC_WARN_64_TO_32_BIT_CONVERSION = YES;
				GCC_WARN_ABOUT_RETURN_TYPE = YES_ERROR;
				GCC_WARN_UNDECLARED_SELECTOR = YES;
				GCC_WARN_UNINITIALIZED_AUTOS = YES_AGGRESSIVE;
				GCC_WARN_UNUSED_FUNCTION = YES;
				GCC_WARN_UNUSED_VARIABLE = YES;
				IPHONEOS_DEPLOYMENT_TARGET = 13.2;
				MTL_ENABLE_DEBUG_INFO = NO;
				MTL_FAST_MATH = YES;
				SDKROOT = iphoneos;
				VALIDATE_PRODUCT = YES;
			};
			name = Release;
		};
		CFD70896253BE09500B9EB13 /* Debug */ = {
			isa = XCBuildConfiguration;
			baseConfigurationReference = C884F2AE061B273C32CD0D1E /* Pods-IosLibDemo.debug.xcconfig */;
			buildSettings = {
				ASSETCATALOG_COMPILER_APPICON_NAME = AppIcon;
				CODE_SIGN_STYLE = Automatic;
				DEVELOPMENT_TEAM = KU59F2LKHW;
				INFOPLIST_FILE = IosLibDemo/Info.plist;
				LD_RUNPATH_SEARCH_PATHS = (
					"$(inherited)",
					"@executable_path/Frameworks",
				);
				PRODUCT_BUNDLE_IDENTIFIER = com.ashwin.ios.IosLibDemo;
				PRODUCT_NAME = "$(TARGET_NAME)";
				TARGETED_DEVICE_FAMILY = "1,2";
			};
			name = Debug;
		};
		CFD70897253BE09500B9EB13 /* Release */ = {
			isa = XCBuildConfiguration;
			baseConfigurationReference = BE6A7A3E6EC28A9FF72D5E84 /* Pods-IosLibDemo.release.xcconfig */;
			buildSettings = {
				ASSETCATALOG_COMPILER_APPICON_NAME = AppIcon;
				CODE_SIGN_STYLE = Automatic;
				DEVELOPMENT_TEAM = KU59F2LKHW;
				INFOPLIST_FILE = IosLibDemo/Info.plist;
				LD_RUNPATH_SEARCH_PATHS = (
					"$(inherited)",
					"@executable_path/Frameworks",
				);
				PRODUCT_BUNDLE_IDENTIFIER = com.ashwin.ios.IosLibDemo;
				PRODUCT_NAME = "$(TARGET_NAME)";
				TARGETED_DEVICE_FAMILY = "1,2";
			};
			name = Release;
		};
/* End XCBuildConfiguration section */

/* Begin XCConfigurationList section */
		CFD70877253BE09200B9EB13 /* Build configuration list for PBXProject "IosLibDemo" */ = {
			isa = XCConfigurationList;
			buildConfigurations = (
				CFD70893253BE09500B9EB13 /* Debug */,
				CFD70894253BE09500B9EB13 /* Release */,
			);
			defaultConfigurationIsVisible = 0;
			defaultConfigurationName = Release;
		};
		CFD70895253BE09500B9EB13 /* Build configuration list for PBXNativeTarget "IosLibDemo" */ = {
			isa = XCConfigurationList;
			buildConfigurations = (
				CFD70896253BE09500B9EB13 /* Debug */,
				CFD70897253BE09500B9EB13 /* Release */,
			);
			defaultConfigurationIsVisible = 0;
			defaultConfigurationName = Release;
		};
/* End XCConfigurationList section */
	};
	rootObject = CFD70874253BE09200B9EB13 /* Project object */;
}
